{
  "name": "@flancer32/teq-cms-promo",
  "version": "0.3.0",
  "lockfileVersion": 3,
  "requires": true,
  "packages": {
    "": {
      "name": "@flancer32/teq-cms-promo",
      "version": "0.3.0",
      "license": "Apache-2.0",
      "dependencies": {
        "@flancer32/teq-cms": "^0.6.0",
        "nunjucks": "^3.2.4"
      },
      "engines": {
        "node": ">=20"
      },
      "funding": {
        "type": "individual",
        "url": "https://github.com/sponsors/teqfw"
      }
    },
    "node_modules/@flancer32/teq-cms": {
      "version": "0.6.0",
      "resolved": "https://registry.npmjs.org/@flancer32/teq-cms/-/teq-cms-0.6.0.tgz",
      "integrity": "sha512-2B9UYs6oEkwr0xLYgDO+0FsimK4AFwP9bsDrQFDKNx6A3Pm5IO16F+VHzWWPNVgsJ//C4kfR83jsSs+uAGQHlg==",
      "license": "Apache-2.0",
      "dependencies": {
        "@flancer32/teq-tmpl": "git+https://github.com/flancer32/teq-tmpl.git#main",
        "@flancer32/teq-web": "^0.16.0",
        "@teqfw/cfg": ">=2.0.0",
        "@teqfw/cli": ">=2.1.0",
        "@teqfw/di": ">=2.9.0",
        "@teqfw/log": ">=2.0.0",
        "mustache": "^4.2.0",
        "nunjucks": "^3.2.4"
      },
      "engines": {
        "node": ">=20"
      },
      "funding": {
        "type": "individual",
        "url": "https://github.com/sponsors/teqfw"
      }
    },
    "node_modules/@flancer32/teq-tmpl": {
      "version": "0.5.0",
      "resolved": "git+ssh://git@github.com/flancer32/teq-tmpl.git#6b8de4a29ef5d86a02739b55ddf65dea6429c020",
      "license": "Apache-2.0",
      "dependencies": {
        "@teqfw/cfg": ">=2.0.0",
        "@teqfw/di": ">=2.9.0",
        "@teqfw/log": ">=2.0.0"
      },
      "engines": {
        "node": ">=20"
      },
      "funding": {
        "type": "individual",
        "url": "https://github.com/sponsors/teqfw"
      },
      "peerDependencies": {
        "@teqfw/cli": ">=2.1.0"
      }
    },
    "node_modules/@flancer32/teq-web": {
      "version": "0.16.0",
      "resolved": "https://registry.npmjs.org/@flancer32/teq-web/-/teq-web-0.16.0.tgz",
      "integrity": "sha512-O1FeSErAJTfC9ai8mCW10mYNbZpdIMszzKgd7SJtyLspvW1W01UEwRhhZrwkPz74aH3F0BLM5NTKrb4yLlISXA==",
      "license": "Apache-2.0",
      "dependencies": {
        "@teqfw/cfg": ">=2.0.0",
        "@teqfw/cli": ">=2.0.0",
        "@teqfw/di": ">=2.9.0",
        "@teqfw/log": ">=2.0.0"
      },
      "engines": {
        "node": ">=20"
      }
    },
    "node_modules/@teqfw/cfg": {
      "version": "2.0.0",
      "resolved": "https://registry.npmjs.org/@teqfw/cfg/-/cfg-2.0.0.tgz",
      "integrity": "sha512-wPl27MrUpXtGw+SGinB39Jl4JkFntSwlAElLTP+d8WukbznNtMcosrDCRdXFT4s7R301gA07FlQY9EU16N7ZPw==",
      "license": "Apache-2.0",
      "engines": {
        "node": ">=20"
      },
      "funding": {
        "type": "individual",
        "url": "https://github.com/sponsors/teqfw"
      }
    },
    "node_modules/@teqfw/cli": {
      "version": "2.1.0",
      "resolved": "https://registry.npmjs.org/@teqfw/cli/-/cli-2.1.0.tgz",
      "integrity": "sha512-6lt0ESzwMj8TLsh0kRebsH6LZsWk12o1WcDDJGUTHWaJzs1yZaENwMbI6z+q6i2kGsKPkFWxQR0Inwjg58arAg==",
      "license": "Apache-2.0",
      "peer": true,
      "dependencies": {
        "@teqfw/cfg": ">=2.0.0",
        "@teqfw/di": ">=2.9.0",
        "@teqfw/log": ">=2.0.0"
      },
      "bin": {
        "teq": "bin/teq.mjs"
      },
      "engines": {
        "node": ">=20"
      }
    },
    "node_modules/@teqfw/di": {
      "version": "2.9.0",
      "resolved": "https://registry.npmjs.org/@teqfw/di/-/di-2.9.0.tgz",
      "integrity": "sha512-rc4uTC6+nPsslS35iN3pkLqutsdawRz2H3gZC3rusmAQQQpSG+gR2lJJk/6CuySOrTwsPM1RPNl1kv15uAPrsA==",
      "license": "Apache-2.0",
      "engines": {
        "node": ">=20"
      },
      "funding": {
        "type": "individual",
        "url": "https://github.com/sponsors/teqfw"
      }
    },
    "node_modules/@teqfw/log": {
      "version": "2.0.0",
      "resolved": "https://registry.npmjs.org/@teqfw/log/-/log-2.0.0.tgz",
      "integrity": "sha512-rr+RzlAjr5QZdznRlGDaRH55Eh16YVitZcNj3RjKn5m7dfCLBiQF4hPzfkb7Dg7zI8YOi74/J6Z/Jfk72MbfWw==",
      "license": "Apache-2.0",
      "dependencies": {
        "@teqfw/di": ">=2.9.0"
      },
      "engines": {
        "node": ">=20"
      },
      "funding": {
        "type": "individual",
        "url": "https://github.com/sponsors/teqfw"
      }
    },
    "node_modules/a-sync-waterfall": {
      "version": "1.0.1",
      "resolved": "https://registry.npmjs.org/a-sync-waterfall/-/a-sync-waterfall-1.0.1.tgz",
      "integrity": "sha512-RYTOHHdWipFUliRFMCS4X2Yn2X8M87V/OpSqWzKKOGhzqyUxzyVmhHDH9sAvG+ZuQf/TAOFsLCpMw09I1ufUnA==",
      "license": "MIT"
    },
    "node_modules/asap": {
      "version": "2.0.6",
      "resolved": "https://registry.npmjs.org/asap/-/asap-2.0.6.tgz",
      "integrity": "sha512-BSHWgDSAiKs50o2Re8ppvp3seVHXSRM44cdSsT9FfNEUUZLOGWVCsiWaRPWM1Znn+mqZ1OfVZ3z3DWEzSp7hRA==",
      "license": "MIT"
    },
    "node_modules/commander": {
      "version": "5.1.0",
      "resolved": "https://registry.npmjs.org/commander/-/commander-5.1.0.tgz",
      "integrity": "sha512-P0CysNDQ7rtVw4QIQtm+MRxV66vKFSvlsQvGYXZWR3qFU0jlMKHZZZgw8e+8DSah4UDKMqnknRDQz+xuQXQ/Zg==",
      "license": "MIT",
      "engines": {
        "node": ">= 6"
      }
    },
    "node_modules/mustache": {
      "version": "4.2.0",
      "resolved": "https://registry.npmjs.org/mustache/-/mustache-4.2.0.tgz",
      "integrity": "sha512-71ippSywq5Yb7/tVYyGbkBggbU8H3u5Rz56fH60jGFgr8uHwxs+aSKeqmluIVzM0m0kB7xQjKS6qPfd0b2ZoqQ==",
      "license": "MIT",
      "bin": {
        "mustache": "bin/mustache"
      }
    },
    "node_modules/nunjucks": {
      "version": "3.2.4",
      "resolved": "https://registry.npmjs.org/nunjucks/-/nunjucks-3.2.4.tgz",
      "integrity": "sha512-26XRV6BhkgK0VOxfbU5cQI+ICFUtMLixv1noZn1tGU38kQH5A5nmmbk/O45xdyBhD1esk47nKrY0mvQpZIhRjQ==",
      "license": "BSD-2-Clause",
      "dependencies": {
        "a-sync-waterfall": "^1.0.0",
        "asap": "^2.0.3",
        "commander": "^5.1.0"
      },
      "bin": {
        "nunjucks-precompile": "bin/precompile"
      },
      "engines": {
        "node": ">= 6.9.0"
      },
      "peerDependencies": {
        "chokidar": "^3.3.0"
      },
      "peerDependenciesMeta": {
        "chokidar": {
          "optional": true
        }
      }
    }
  }
}
